
Microsoft Visual Studio Solution File, Format Version 12.00
# Visual Studio Version 16
VisualStudioVersion = 16.0.29911.84
MinimumVisualStudioVersion = 10.0.40219.1
Project("{9A19103F-16F7-4668-BE54-9A1E7A4F7556}") = "SampleApp", "SampleApp.csproj", "{68AD10ED-7667-4E89-B2A8-F9C8E904996F}"
EndProject
Global
	GlobalSection(SolutionConfigurationPlatforms) = preSolution
		Debug|Any CPU = Debug|Any CPU
		Release|Any CPU = Release|Any CPU
	EndGlobalSection
	GlobalSection(ProjectConfigurationPlatforms) = postSolution
		{68AD10ED-7667-4E89-B2A8-F9C8E904996F}.Debug|Any CPU.ActiveCfg = Debug|Any CPU
		{68AD10ED-7667-4E89-B2A8-F9C8E904996F}.Debug|Any CPU.Build.0 = Debug|Any CPU
		{68AD10ED-7667-4E89-B2A8-F9C8E904996F}.Release|Any CPU.ActiveCfg = Release|Any CPU
		{68AD10ED-7667-4E89-B2A8-F9C8E904996F}.Release|Any CPU.Build.0 = Release|Any CPU
	EndGlobalSection
	GlobalSection(SolutionProperties) = preSolution
		HideSolutionNode = FALSE
	EndGlobalSection
	GlobalSection(ExtensibilityGlobals) = postSolution
		SolutionGuid = {27CF70AE-8B3D-4406-8CD4-357D6461DE35}
	EndGlobalSection
EndGlobal
